
Microsoft Visual Studio Solution File, Format Version 12.00
# Visual Studio 15
VisualStudioVersion = 15.0.27703.2000
MinimumVisualStudioVersion = 10.0.40219.1
Project("{FAE04EC0-301F-11D3-BF4B-00C04F79EFBC}") = "PEScannerLibrary", "PEScannerLibrary\PEScannerLibrary.csproj", "{DABEB8F9-2441-4581-9C4B-5651E9E9D155}"
EndProject
Global
	GlobalSection(SolutionConfigurationPlatforms) = preSolution
		Debug|Any CPU = Debug|Any CPU
		Release|Any CPU = Release|Any CPU
	EndGlobalSection
	GlobalSection(ProjectConfigurationPlatforms) = postSolution
		{DABEB8F9-2441-4581-9C4B-5651E9E9D155}.Debug|Any CPU.ActiveCfg = Debug|Any CPU
		{DABEB8F9-2441-4581-9C4B-5651E9E9D155}.Debug|Any CPU.Build.0 = Debug|Any CPU
		{DABEB8F9-2441-4581-9C4B-5651E9E9D155}.Release|Any CPU.ActiveCfg = Release|Any CPU
		{DABEB8F9-2441-4581-9C4B-5651E9E9D155}.Release|Any CPU.Build.0 = Release|Any CPU
	EndGlobalSection
	GlobalSection(SolutionProperties) = preSolution
		HideSolutionNode = FALSE
	EndGlobalSection
	GlobalSection(ExtensibilityGlobals) = postSolution
		SolutionGuid = {ECF3655C-998C-46EB-AAB9-41223410488D}
	EndGlobalSection
EndGlobal
