
Microsoft Visual Studio Solution File, Format Version 12.00
# Visual Studio 15
VisualStudioVersion = 15.0.27703.2000
MinimumVisualStudioVersion = 10.0.40219.1
Project("{FAE04EC0-301F-11D3-BF4B-00C04F79EFBC}") = "WpfAppTest", "WpfAppTest\WpfAppTest.csproj", "{653047A0-C349-47A1-B35E-7634B8DA8194}"
EndProject
Global
	GlobalSection(SolutionConfigurationPlatforms) = preSolution
		Debug|Any CPU = Debug|Any CPU
		Release|Any CPU = Release|Any CPU
	EndGlobalSection
	GlobalSection(ProjectConfigurationPlatforms) = postSolution
		{653047A0-C349-47A1-B35E-7634B8DA8194}.Debug|Any CPU.ActiveCfg = Debug|Any CPU
		{653047A0-C349-47A1-B35E-7634B8DA8194}.Debug|Any CPU.Build.0 = Debug|Any CPU
		{653047A0-C349-47A1-B35E-7634B8DA8194}.Release|Any CPU.ActiveCfg = Release|Any CPU
		{653047A0-C349-47A1-B35E-7634B8DA8194}.Release|Any CPU.Build.0 = Release|Any CPU
	EndGlobalSection
	GlobalSection(SolutionProperties) = preSolution
		HideSolutionNode = FALSE
	EndGlobalSection
	GlobalSection(ExtensibilityGlobals) = postSolution
		SolutionGuid = {97597EB8-6546-4CEE-83F7-9D6469626FB0}
	EndGlobalSection
EndGlobal
