
Microsoft Visual Studio Solution File, Format Version 12.00
# Visual Studio 15
VisualStudioVersion = 15.0.27703.2000
MinimumVisualStudioVersion = 10.0.40219.1
Project("{FAE04EC0-301F-11D3-BF4B-00C04F79EFBC}") = "ConsoleAppTestReflection", "ConsoleAppTestReflection\ConsoleAppTestReflection.csproj", "{C1BB3A6A-46B7-45BA-92CD-584D6E8F361A}"
EndProject
Global
	GlobalSection(SolutionConfigurationPlatforms) = preSolution
		Debug|Any CPU = Debug|Any CPU
		Release|Any CPU = Release|Any CPU
	EndGlobalSection
	GlobalSection(ProjectConfigurationPlatforms) = postSolution
		{C1BB3A6A-46B7-45BA-92CD-584D6E8F361A}.Debug|Any CPU.ActiveCfg = Debug|Any CPU
		{C1BB3A6A-46B7-45BA-92CD-584D6E8F361A}.Debug|Any CPU.Build.0 = Debug|Any CPU
		{C1BB3A6A-46B7-45BA-92CD-584D6E8F361A}.Release|Any CPU.ActiveCfg = Release|Any CPU
		{C1BB3A6A-46B7-45BA-92CD-584D6E8F361A}.Release|Any CPU.Build.0 = Release|Any CPU
	EndGlobalSection
	GlobalSection(SolutionProperties) = preSolution
		HideSolutionNode = FALSE
	EndGlobalSection
	GlobalSection(ExtensibilityGlobals) = postSolution
		SolutionGuid = {F240C886-91CA-45FC-AAC4-2860195BDA99}
	EndGlobalSection
EndGlobal
